github.com/gorilla/mux v1.7.4 h1:VuZ8uybHlWmqV03+zRzdwKL4tUnIp1MAQtp1mIFE1bc=
github.com/gorilla/mux v1.7.4/go.mod h1:DVbg23sWSpFRCP0SfiEN6jmj59UnW/n46BH5rLB71So=
github.com/gorilla/websocket v1.4.1 h1:q7AeDBpnBk8AogcD4DSag/Ukw/KV+YhzLj2bP5HvKCM=
github.com/gorilla/websocket v1.4.1/go.mod h1:YR8l580nyteQvAITg2hZ9XVh4b55+EU/adAjf1fMHhE=
github.com/oov/audio v0.0.0-20171004131523-88a2be6dbe38 h1:4Upfs5rLQdx7KwBct3bmPYAhWsDDJdx660gYb7Lv9TQ=
github.com/oov/audio v0.0.0-20171004131523-88a2be6dbe38/go.mod h1:Xj06yMta9R1RSKiHmxL0Bo2TB8wiKVnMgA0KVopHHkk=
github.com/pkg/errors v0.8.0 h1:WdK/asTD0HN+q6hsWO3/vpuAkAr+tw6aNJNDFFf0+qw=
github.com/pkg/errors v0.8.0/go.mod h1:bwawxfHBFNV+L2hUp1rHADufV3IMtnDRdf1r5NINEl0=
gortc.io/sdp v0.17.0 h1:gPmGXqyszHplnlMeF2X0eCOK+G8aAK4PP6puglIcofc=
gortc.io/sdp v0.17.0/go.mod h1:iwG4LtzGX1MLglrl5x7AL7cfLndFPMfJ02koQl5KIgE=
